
Microsoft Visual Studio Solution File, Format Version 12.00
# Visual Studio 15
VisualStudioVersion = 15.0.27004.2009
MinimumVisualStudioVersion = 10.0.40219.1
Project("{FAE04EC0-301F-11D3-BF4B-00C04F79EFBC}") = "TandT", "TandT\TandT.csproj", "{4F829B20-AC7F-44CE-8F36-75B7DBC82FEF}"
EndProject
Project("{9A19103F-16F7-4668-BE54-9A1E7A4F7556}") = "BLL", "BLL\BLL.csproj", "{99EB29FA-6E56-4AA3-B3EF-3A7049BD479C}"
EndProject
Project("{9A19103F-16F7-4668-BE54-9A1E7A4F7556}") = "MongoManager", "MongoContext\MongoManager.csproj", "{46549534-8E46-4677-B5AC-23C1177F5D81}"
EndProject
Global
	GlobalSection(SolutionConfigurationPlatforms) = preSolution
		Debug|Any CPU = Debug|Any CPU
		Release|Any CPU = Release|Any CPU
	EndGlobalSection
	GlobalSection(ProjectConfigurationPlatforms) = postSolution
		{4F829B20-AC7F-44CE-8F36-75B7DBC82FEF}.Debug|Any CPU.ActiveCfg = Debug|Any CPU
		{4F829B20-AC7F-44CE-8F36-75B7DBC82FEF}.Debug|Any CPU.Build.0 = Debug|Any CPU
		{4F829B20-AC7F-44CE-8F36-75B7DBC82FEF}.Release|Any CPU.ActiveCfg = Release|Any CPU
		{4F829B20-AC7F-44CE-8F36-75B7DBC82FEF}.Release|Any CPU.Build.0 = Release|Any CPU
		{99EB29FA-6E56-4AA3-B3EF-3A7049BD479C}.Debug|Any CPU.ActiveCfg = Debug|Any CPU
		{99EB29FA-6E56-4AA3-B3EF-3A7049BD479C}.Debug|Any CPU.Build.0 = Debug|Any CPU
		{99EB29FA-6E56-4AA3-B3EF-3A7049BD479C}.Release|Any CPU.ActiveCfg = Release|Any CPU
		{99EB29FA-6E56-4AA3-B3EF-3A7049BD479C}.Release|Any CPU.Build.0 = Release|Any CPU
		{46549534-8E46-4677-B5AC-23C1177F5D81}.Debug|Any CPU.ActiveCfg = Debug|Any CPU
		{46549534-8E46-4677-B5AC-23C1177F5D81}.Debug|Any CPU.Build.0 = Debug|Any CPU
		{46549534-8E46-4677-B5AC-23C1177F5D81}.Release|Any CPU.ActiveCfg = Release|Any CPU
		{46549534-8E46-4677-B5AC-23C1177F5D81}.Release|Any CPU.Build.0 = Release|Any CPU
	EndGlobalSection
	GlobalSection(SolutionProperties) = preSolution
		HideSolutionNode = FALSE
	EndGlobalSection
	GlobalSection(ExtensibilityGlobals) = postSolution
		SolutionGuid = {1E17BD89-6F9B-43C1-BA58-74B72ADC2511}
	EndGlobalSection
EndGlobal
