
Microsoft Visual Studio Solution File, Format Version 12.00
# Visual Studio 15
VisualStudioVersion = 15.0.27004.2009
MinimumVisualStudioVersion = 10.0.40219.1
Project("{FAE04EC0-301F-11D3-BF4B-00C04F79EFBC}") = "TandT", "TandT\TandT.csproj", "{D99785C7-00E2-4CDD-B788-65BEF161A930}"
EndProject
Project("{FAE04EC0-301F-11D3-BF4B-00C04F79EFBC}") = "DAL", "DAL\DAL.csproj", "{A3D45AD4-6964-418D-8D09-B2BEA9D9C806}"
EndProject
Project("{FAE04EC0-301F-11D3-BF4B-00C04F79EFBC}") = "BLL", "BLL\BLL.csproj", "{86EC1182-0B1D-422C-8448-0F3D231626FC}"
EndProject
Global
	GlobalSection(SolutionConfigurationPlatforms) = preSolution
		Debug|Any CPU = Debug|Any CPU
		Release|Any CPU = Release|Any CPU
	EndGlobalSection
	GlobalSection(ProjectConfigurationPlatforms) = postSolution
		{D99785C7-00E2-4CDD-B788-65BEF161A930}.Debug|Any CPU.ActiveCfg = Debug|Any CPU
		{D99785C7-00E2-4CDD-B788-65BEF161A930}.Debug|Any CPU.Build.0 = Debug|Any CPU
		{D99785C7-00E2-4CDD-B788-65BEF161A930}.Release|Any CPU.ActiveCfg = Release|Any CPU
		{D99785C7-00E2-4CDD-B788-65BEF161A930}.Release|Any CPU.Build.0 = Release|Any CPU
		{A3D45AD4-6964-418D-8D09-B2BEA9D9C806}.Debug|Any CPU.ActiveCfg = Debug|Any CPU
		{A3D45AD4-6964-418D-8D09-B2BEA9D9C806}.Debug|Any CPU.Build.0 = Debug|Any CPU
		{A3D45AD4-6964-418D-8D09-B2BEA9D9C806}.Release|Any CPU.ActiveCfg = Release|Any CPU
		{A3D45AD4-6964-418D-8D09-B2BEA9D9C806}.Release|Any CPU.Build.0 = Release|Any CPU
		{86EC1182-0B1D-422C-8448-0F3D231626FC}.Debug|Any CPU.ActiveCfg = Debug|Any CPU
		{86EC1182-0B1D-422C-8448-0F3D231626FC}.Debug|Any CPU.Build.0 = Debug|Any CPU
		{86EC1182-0B1D-422C-8448-0F3D231626FC}.Release|Any CPU.ActiveCfg = Release|Any CPU
		{86EC1182-0B1D-422C-8448-0F3D231626FC}.Release|Any CPU.Build.0 = Release|Any CPU
	EndGlobalSection
	GlobalSection(SolutionProperties) = preSolution
		HideSolutionNode = FALSE
	EndGlobalSection
	GlobalSection(ExtensibilityGlobals) = postSolution
		SolutionGuid = {E536D644-29CC-43C3-8EE2-15DFB3AE16AD}
	EndGlobalSection
EndGlobal
